
Microsoft Visual Studio Solution File, Format Version 12.00
# Visual Studio Version 17
VisualStudioVersion = 17.11.35327.3
MinimumVisualStudioVersion = 10.0.40219.1
Project("{FAE04EC0-301F-11D3-BF4B-00C04F79EFBC}") = "OefeningPersonsGetPost", "OefeningPersonsGetPost\OefeningPersonsGetPost.csproj", "{DBA9CA64-01C3-41E8-BA57-951A93726E99}"
EndProject
Global
	GlobalSection(SolutionConfigurationPlatforms) = preSolution
		Debug|Any CPU = Debug|Any CPU
		Release|Any CPU = Release|Any CPU
	EndGlobalSection
	GlobalSection(ProjectConfigurationPlatforms) = postSolution
		{DBA9CA64-01C3-41E8-BA57-951A93726E99}.Debug|Any CPU.ActiveCfg = Debug|Any CPU
		{DBA9CA64-01C3-41E8-BA57-951A93726E99}.Debug|Any CPU.Build.0 = Debug|Any CPU
		{DBA9CA64-01C3-41E8-BA57-951A93726E99}.Release|Any CPU.ActiveCfg = Release|Any CPU
		{DBA9CA64-01C3-41E8-BA57-951A93726E99}.Release|Any CPU.Build.0 = Release|Any CPU
	EndGlobalSection
	GlobalSection(SolutionProperties) = preSolution
		HideSolutionNode = FALSE
	EndGlobalSection
	GlobalSection(ExtensibilityGlobals) = postSolution
		SolutionGuid = {77C48EBE-114C-4443-A53F-20BEC1F00279}
	EndGlobalSection
EndGlobal
